
Microsoft Visual Studio Solution File, Format Version 12.00
# Visual Studio Version 17
VisualStudioVersion = 17.11.35222.181
MinimumVisualStudioVersion = 10.0.40219.1
Project("{9A19103F-16F7-4668-BE54-9A1E7A4F7556}") = "Foody", "Foody\Foody.csproj", "{0F961D6D-DA8D-40C6-9D46-C16DCAF13D2B}"
EndProject
Global
	GlobalSection(SolutionConfigurationPlatforms) = preSolution
		Debug|Any CPU = Debug|Any CPU
		Release|Any CPU = Release|Any CPU
	EndGlobalSection
	GlobalSection(ProjectConfigurationPlatforms) = postSolution
		{0F961D6D-DA8D-40C6-9D46-C16DCAF13D2B}.Debug|Any CPU.ActiveCfg = Debug|Any CPU
		{0F961D6D-DA8D-40C6-9D46-C16DCAF13D2B}.Debug|Any CPU.Build.0 = Debug|Any CPU
		{0F961D6D-DA8D-40C6-9D46-C16DCAF13D2B}.Release|Any CPU.ActiveCfg = Release|Any CPU
		{0F961D6D-DA8D-40C6-9D46-C16DCAF13D2B}.Release|Any CPU.Build.0 = Release|Any CPU
	EndGlobalSection
	GlobalSection(SolutionProperties) = preSolution
		HideSolutionNode = FALSE
	EndGlobalSection
	GlobalSection(ExtensibilityGlobals) = postSolution
		SolutionGuid = {108ED23D-F310-40A1-93AC-39702E239FC1}
	EndGlobalSection
EndGlobal
